github.com/Computarfant/funtemps v0.0.0-20230220220843-aa640dd3d258 h1:lYBNH3K6sY9+T9R1R7uFK5vX6ur0BawM8kd/ZMpBboM=
github.com/Computarfant/funtemps v0.0.0-20230220220843-aa640dd3d258/go.mod h1:xQeHcoiJEOEM2CAtaPLePd71yTCbM7mq9YvBXl1XeBM=
github.com/Computarfant/is105sem03 v0.0.0-20230419105818-490b07705e65 h1:PE50AJ4j7scRuWP69EVR0qTX1rsiL9G0tyz58YnUkRY=
github.com/Computarfant/is105sem03 v0.0.0-20230419105818-490b07705e65/go.mod h1:i8/lyHqTfYswYLoWdpJahaXOvdgbJnv5pt4q5BouMXI=
